{
  "R": {
    "Version": "4.6.0",
    "Repositories": [
      {
        "Name": "CRAN",
        "URL": "https://packagemanager.posit.co/cran/latest"
      }
    ]
  },
  "Packages": {
    "Capr": {
      "Package": "Capr",
      "Version": "3.0.0",
      "Source": "GitHub",
      "RemoteType": "github",
      "RemoteHost": "api.github.com",
      "RemoteUsername": "OHDSI",
      "RemoteRepo": "Capr",
      "RemoteRef": "develop",
      "RemoteSha": "ae46553a10fa8d0e758b1db5585f294bee5c1764",
      "Requirements": [
        "CirceR",
        "DBI",
        "DatabaseConnector",
        "R",
        "SqlRender",
        "checkmate",
        "cli",
        "digest",
        "dplyr",
        "fs",
        "glue",
        "jsonlite",
        "jsonvalidate",
        "lubridate",
        "methods",
        "purrr",
        "readr",
        "rlang",
        "stringr",
        "tibble",
        "tidyr"
      ],
      "Hash": "a232ac9aca84f7e3537bb1ce02d02848"
    },
    "CirceR": {
      "Package": "CirceR",
      "Version": "1.3.3",
      "Source": "GitHub",
      "RemoteType": "github",
      "RemoteHost": "api.github.com",
      "RemoteRepo": "CirceR",
      "RemoteUsername": "ohdsi",
      "RemotePkgRef": "ohdsi/CirceR",
      "RemoteSha": "30303ec28bfd3bd4deffc9f84e7b8f9ddbf93c77",
      "Requirements": [
        "R",
        "RJSONIO",
        "rJava"
      ],
      "Hash": "f84065ee0aec8f236f6efcd9d46e8fee"
    },
    "CohortGenerator": {
      "Package": "CohortGenerator",
      "Version": "1.1.1",
      "Source": "GitHub",
      "RemoteType": "github",
      "RemoteHost": "api.github.com",
      "RemoteUsername": "OHDSI",
      "RemoteRepo": "CohortGenerator",
      "RemoteRef": "main",
      "RemoteSha": "fa42dd734bb46e194bd8aba93083ad131565b41e",
      "Requirements": [
        "DatabaseConnector",
        "ParallelLogger",
        "R",
        "R6",
        "ResultModelManager",
        "SqlRender",
        "checkmate",
        "digest",
        "dplyr",
        "jsonlite",
        "lubridate",
        "methods",
        "readr",
        "rlang",
        "stringi",
        "tibble"
      ],
      "Hash": "db091582e351e88448c2ad55d10b3c67"
    },
    "CommonDataModel": {
      "Package": "CommonDataModel",
      "Version": "1.0.1",
      "Source": "Repository",
      "Repository": "CRAN",
      "Requirements": [
        "DBI",
        "DatabaseConnector",
        "SqlRender",
        "dplyr",
        "rJava",
        "readr",
        "rmarkdown",
        "stringr"
      ],
      "Hash": "ca225f877fa347b35b84cad3494e9b52"
    },
    "DBI": {
      "Package": "DBI",
      "Version": "1.3.0",
      "Source": "Repository",
      "Repository": "CRAN",
      "Requirements": [
        "R",
        "methods"
      ],
      "Hash": "dbfa2adb83f8063640982459e153f650"
    },
    "DatabaseConnector": {
      "Package": "DatabaseConnector",
      "Version": "7.2.0",
      "Source": "GitHub",
      "RemoteType": "github",
      "RemoteHost": "api.github.com",
      "RemoteUsername": "OHDSI",
      "RemoteRepo": "DatabaseConnector",
      "RemoteRef": "main",
      "RemoteSha": "128c84fa4f2fa254667dd17dc30210f7c1420a63",
      "Requirements": [
        "DBI",
        "R",
        "SqlRender",
        "bit64",
        "checkmate",
        "dbplyr",
        "digest",
        "methods",
        "rJava",
        "readr",
        "rlang",
        "stringr",
        "urltools",
        "utils"
      ],
      "Hash": "fef413e88185d5bdf321c277c3ffc726"
    },
    "Eunomia": {
      "Package": "Eunomia",
      "Version": "2.1.0",
      "Source": "Repository",
      "Repository": "CRAN",
      "Requirements": [
        "CommonDataModel",
        "DBI",
        "RSQLite",
        "arrow",
        "readr",
        "rlang"
      ],
      "Hash": "fdddcb1343fe92effa03051e2f2145bf"
    },
    "Keeper": {
      "Package": "Keeper",
      "Version": "2.1.3",
      "Source": "GitHub",
      "RemoteType": "github",
      "RemoteHost": "api.github.com",
      "RemoteRepo": "Keeper",
      "RemoteUsername": "OHDSI",
      "RemotePkgRef": "OHDSI/Keeper",
      "RemoteSha": "d27a4d54274cd5c8763f76b34ace5d2fdd1e975b",
      "Requirements": [
        "DatabaseConnector",
        "R",
        "SqlRender",
        "checkmate",
        "dplyr",
        "english",
        "httr",
        "jsonlite",
        "stringr",
        "yaml"
      ],
      "Hash": "6764930737e33f5896e16905bef989da"
    },
    "ParallelLogger": {
      "Package": "ParallelLogger",
      "Version": "3.5.1",
      "Source": "Repository",
      "Repository": "CRAN",
      "Requirements": [
        "R",
        "jsonlite",
        "memuse",
        "methods",
        "parallel",
        "rstudioapi",
        "snow",
        "utils",
        "xml2"
      ],
      "Hash": "731821a8d5f403dd1ebcebfd6e215056"
    },
    "R6": {
      "Package": "R6",
      "Version": "2.6.1",
      "Source": "Repository",
      "Repository": "CRAN",
      "Requirements": [
        "R"
      ],
      "Hash": "d4335fe7207f1c01ab8c41762f5840d4"
    },
    "RColorBrewer": {
      "Package": "RColorBrewer",
      "Version": "1.1-3",
      "Source": "Repository",
      "Repository": "CRAN",
      "Requirements": [
        "R"
      ],
      "Hash": "45f0398006e83a5b10b72a90663d8d8c"
    },
    "RJSONIO": {
      "Package": "RJSONIO",
      "Version": "2.0.5",
      "Source": "Repository",
      "Repository": "CRAN",
      "Requirements": [
        "methods"
      ],
      "Hash": "f006efd3232b55806a00db5a14dd2cf6"
    },
    "ROhdsiWebApi": {
      "Package": "ROhdsiWebApi",
      "Version": "1.3.3",
      "Source": "GitHub",
      "RemoteType": "github",
      "RemoteHost": "api.github.com",
      "RemoteRepo": "ROhdsiWebApi",
      "RemoteUsername": "OHDSI",
      "RemotePkgRef": "OHDSI/ROhdsiWebApi@webapi-3.0",
      "RemoteRef": "webapi-3.0",
      "RemoteSha": "ba3365271d93b93875531855bbbfb5444d5eb7fc",
      "Requirements": [
        "R",
        "RJSONIO",
        "SqlRender",
        "checkmate",
        "dplyr",
        "httr",
        "lubridate",
        "openxlsx",
        "purrr",
        "readr",
        "rlang",
        "scales",
        "stringr",
        "tibble",
        "tidyr"
      ],
      "Hash": "4e4689369ce5ae67aaccb0f66bd0c584"
    },
    "RSQLite": {
      "Package": "RSQLite",
      "Version": "3.53.1",
      "Source": "Repository",
      "Repository": "CRAN",
      "Requirements": [
        "DBI",
        "R",
        "bit64",
        "blob",
        "cpp11",
        "memoise",
        "methods",
        "pkgconfig",
        "rlang"
      ],
      "Hash": "6a3f063161cc3d9ecfcfec4b5f32647d"
    },
    "Rcpp": {
      "Package": "Rcpp",
      "Version": "1.1.2",
      "Source": "Repository",
      "Repository": "CRAN",
      "Requirements": [
        "R",
        "methods",
        "utils"
      ],
      "Hash": "f481f89daa906a34eab8ef8658c8a89c"
    },
    "ResultModelManager": {
      "Package": "ResultModelManager",
      "Version": "0.6.2",
      "Source": "Repository",
      "Repository": "CRAN",
      "Requirements": [
        "DBI",
        "DatabaseConnector",
        "ParallelLogger",
        "R",
        "R6",
        "SqlRender",
        "checkmate",
        "dbplyr",
        "dplyr",
        "fastmap",
        "lubridate",
        "pool",
        "readr",
        "rlang",
        "withr",
        "zip"
      ],
      "Hash": "d32c7f2f29b97e7c854240ab02141f2a"
    },
    "S7": {
      "Package": "S7",
      "Version": "0.2.2",
      "Source": "Repository",
      "Repository": "CRAN",
      "Requirements": [
        "R",
        "utils"
      ],
      "Hash": "6a72e94a8c9be4ef719af3aa3628f2dc"
    },
    "SqlRender": {
      "Package": "SqlRender",
      "Version": "1.19.6",
      "Source": "Repository",
      "Repository": "CRAN",
      "Requirements": [
        "checkmate",
        "rJava",
        "rlang"
      ],
      "Hash": "3c80a89d26e01b03ec10c65953777f10"
    },
    "V8": {
      "Package": "V8",
      "Version": "8.2.0",
      "Source": "Repository",
      "Repository": "CRAN",
      "Requirements": [
        "Rcpp",
        "curl",
        "jsonlite",
        "utils"
      ],
      "Hash": "9fcf4128ded76196cf5f9e731d5e14ef"
    },
    "arrow": {
      "Package": "arrow",
      "Version": "24.0.0",
      "Source": "Repository",
      "Repository": "CRAN",
      "Requirements": [
        "R",
        "R6",
        "assertthat",
        "bit64",
        "cpp11",
        "glue",
        "methods",
        "purrr",
        "rlang",
        "stats",
        "tidyselect",
        "utils",
        "vctrs"
      ],
      "Hash": "0dd0081d5c135747e7396555bfc2cdc1"
    },
    "askpass": {
      "Package": "askpass",
      "Version": "1.2.1",
      "Source": "Repository",
      "Repository": "CRAN",
      "Requirements": [
        "sys"
      ],
      "Hash": "c39f4155b3ceb1a9a2799d700fbd4b6a"
    },
    "assertthat": {
      "Package": "assertthat",
      "Version": "0.2.1",
      "Source": "Repository",
      "Repository": "CRAN",
      "Requirements": [
        "tools"
      ],
      "Hash": "50c838a310445e954bc13f26f26a6ecf"
    },
    "backports": {
      "Package": "backports",
      "Version": "1.5.1",
      "Source": "Repository",
      "Repository": "CRAN",
      "Requirements": [
        "R"
      ],
      "Hash": "e3e65442a2749b59692220f368f46c46"
    },
    "base64enc": {
      "Package": "base64enc",
      "Version": "0.1-6",
      "Source": "Repository",
      "Repository": "CRAN",
      "Requirements": [
        "R"
      ],
      "Hash": "5edb675b7baa6e9a0d86dd2c28de1676"
    },
    "bit": {
      "Package": "bit",
      "Version": "4.6.0",
      "Source": "Repository",
      "Repository": "CRAN",
      "Requirements": [
        "R"
      ],
      "Hash": "ebe86ffd194564abdc895d87742d5a29"
    },
    "bit64": {
      "Package": "bit64",
      "Version": "4.8.2",
      "Source": "Repository",
      "Repository": "CRAN",
      "Requirements": [
        "R",
        "bit",
        "graphics",
        "methods",
        "stats",
        "utils"
      ],
      "Hash": "71778c0b60bbf439ac64e6a8be695917"
    },
    "blob": {
      "Package": "blob",
      "Version": "1.3.0",
      "Source": "Repository",
      "Repository": "CRAN",
      "Requirements": [
        "methods",
        "rlang",
        "vctrs"
      ],
      "Hash": "1e0ae40898be928695fd90a80e816253"
    },
    "brio": {
      "Package": "brio",
      "Version": "1.1.5",
      "Source": "Repository",
      "Repository": "CRAN",
      "Requirements": [
        "R"
      ],
      "Hash": "c1ee497a6d999947c2c224ae46799b1a"
    },
    "bslib": {
      "Package": "bslib",
      "Version": "0.11.0",
      "Source": "Repository",
      "Repository": "CRAN",
      "Requirements": [
        "R",
        "base64enc",
        "cachem",
        "fastmap",
        "grDevices",
        "htmltools",
        "jquerylib",
        "jsonlite",
        "lifecycle",
        "memoise",
        "mime",
        "rlang",
        "sass"
      ],
      "Hash": "82c0dcea3e967cfeaa263e920798a77e"
    },
    "cachem": {
      "Package": "cachem",
      "Version": "1.1.0",
      "Source": "Repository",
      "Repository": "CRAN",
      "Requirements": [
        "fastmap",
        "rlang"
      ],
      "Hash": "cd9a672193789068eb5a2aad65a0dedf"
    },
    "callr": {
      "Package": "callr",
      "Version": "3.7.6",
      "Source": "Repository",
      "Repository": "CRAN",
      "Requirements": [
        "R",
        "R6",
        "processx",
        "utils"
      ],
      "Hash": "d7e13f49c19103ece9e58ad2d83a7354"
    },
    "checkmate": {
      "Package": "checkmate",
      "Version": "2.3.4",
      "Source": "Repository",
      "Repository": "CRAN",
      "Requirements": [
        "R",
        "backports",
        "utils"
      ],
      "Hash": "86cbe221fc19b56242f6c3eb0d4c5ab5"
    },
    "cli": {
      "Package": "cli",
      "Version": "3.6.6",
      "Source": "Repository",
      "Repository": "CRAN",
      "Requirements": [
        "R",
        "utils"
      ],
      "Hash": "a73d822b669d443ff8de6928f9c49850"
    },
    "clipr": {
      "Package": "clipr",
      "Version": "0.8.1",
      "Source": "Repository",
      "Repository": "RSPM",
      "Requirements": [
        "utils"
      ],
      "Hash": "cc6e507cf89f11ffc44b32519e0198da"
    },
    "coro": {
      "Package": "coro",
      "Version": "1.1.0",
      "Source": "Repository",
      "Repository": "RSPM",
      "Requirements": [
        "R",
        "rlang"
      ],
      "Hash": "4998c8836ff95c90993a4eb8d853df71"
    },
    "cpp11": {
      "Package": "cpp11",
      "Version": "0.5.5",
      "Source": "Repository",
      "Repository": "CRAN",
      "Requirements": [
        "R"
      ],
      "Hash": "20ecb9105a3fb48a8390919abc3b7e90"
    },
    "crayon": {
      "Package": "crayon",
      "Version": "1.5.3",
      "Source": "Repository",
      "Repository": "CRAN",
      "Requirements": [
        "grDevices",
        "methods",
        "utils"
      ],
      "Hash": "859d96e65ef198fd43e82b9628d593ef"
    },
    "curl": {
      "Package": "curl",
      "Version": "7.1.0",
      "Source": "Repository",
      "Repository": "CRAN",
      "Requirements": [
        "R"
      ],
      "Hash": "2e004ed19964915a8faf48a574439be9"
    },
    "dbplyr": {
      "Package": "dbplyr",
      "Version": "2.6.0",
      "Source": "Repository",
      "Repository": "CRAN",
      "Requirements": [
        "DBI",
        "R",
        "R6",
        "blob",
        "cli",
        "dplyr",
        "glue",
        "lifecycle",
        "magrittr",
        "methods",
        "pillar",
        "purrr",
        "rlang",
        "tibble",
        "tidyr",
        "tidyselect",
        "utils",
        "vctrs",
        "withr"
      ],
      "Hash": "ddbed6865865c509ea0b516faf83042b"
    },
    "desc": {
      "Package": "desc",
      "Version": "1.4.3",
      "Source": "Repository",
      "Repository": "CRAN",
      "Requirements": [
        "R",
        "R6",
        "cli",
        "utils"
      ],
      "Hash": "99b79fcbd6c4d1ce087f5c5c758b384f"
    },
    "diffobj": {
      "Package": "diffobj",
      "Version": "0.3.6",
      "Source": "Repository",
      "Repository": "CRAN",
      "Requirements": [
        "R",
        "crayon",
        "methods",
        "stats",
        "tools",
        "utils"
      ],
      "Hash": "e036ce354ab60e705ac5f40bac87e8cb"
    },
    "digest": {
      "Package": "digest",
      "Version": "0.6.39",
      "Source": "Repository",
      "Repository": "CRAN",
      "Requirements": [
        "R",
        "utils"
      ],
      "Hash": "d18028e978a88b2b16ef8d400cb49adf"
    },
    "downlit": {
      "Package": "downlit",
      "Version": "0.4.5",
      "Source": "Repository",
      "Repository": "CRAN",
      "Requirements": [
        "R",
        "brio",
        "desc",
        "digest",
        "evaluate",
        "fansi",
        "memoise",
        "rlang",
        "vctrs",
        "withr",
        "yaml"
      ],
      "Hash": "13795617f8a6dfa59b74baf7083aeeb2"
    },
    "dplyr": {
      "Package": "dplyr",
      "Version": "1.2.1",
      "Source": "Repository",
      "Repository": "CRAN",
      "Requirements": [
        "R",
        "R6",
        "cli",
        "generics",
        "glue",
        "lifecycle",
        "magrittr",
        "methods",
        "pillar",
        "rlang",
        "tibble",
        "tidyselect",
        "utils",
        "vctrs"
      ],
      "Hash": "d71f190466b9496cf8543c76641be5cf"
    },
    "ellmer": {
      "Package": "ellmer",
      "Version": "0.4.2",
      "Source": "Repository",
      "Repository": "RSPM",
      "Requirements": [
        "R",
        "R6",
        "S7",
        "cli",
        "coro",
        "glue",
        "httr2",
        "jsonlite",
        "later",
        "lifecycle",
        "promises",
        "rlang",
        "tibble",
        "vctrs"
      ],
      "Hash": "5ec796ed0d5f7dc6ee7b09a04cae144f"
    },
    "english": {
      "Package": "english",
      "Version": "1.2-6",
      "Source": "Repository",
      "Repository": "CRAN",
      "Hash": "eae5ce5432c3e995bc4aab2e612df7a5"
    },
    "evaluate": {
      "Package": "evaluate",
      "Version": "1.0.5",
      "Source": "Repository",
      "Repository": "CRAN",
      "Requirements": [
        "R"
      ],
      "Hash": "94cf2c54237f6841cee68e3ba4ab5a14"
    },
    "fansi": {
      "Package": "fansi",
      "Version": "1.0.7",
      "Source": "Repository",
      "Repository": "CRAN",
      "Requirements": [
        "R",
        "grDevices",
        "utils"
      ],
      "Hash": "17986671536180cabd08d6309755af85"
    },
    "farver": {
      "Package": "farver",
      "Version": "2.1.2",
      "Source": "Repository",
      "Repository": "CRAN",
      "Hash": "680887028577f3fa2a81e410ed0d6e42"
    },
    "fastmap": {
      "Package": "fastmap",
      "Version": "1.2.0",
      "Source": "Repository",
      "Repository": "CRAN",
      "Hash": "aa5e1cd11c2d15497494c5292d7ffcc8"
    },
    "filelock": {
      "Package": "filelock",
      "Version": "1.0.3",
      "Source": "Repository",
      "Repository": "CRAN",
      "Requirements": [
        "R"
      ],
      "Hash": "192053c276525c8495ccfd523aa8f2d1"
    },
    "fontawesome": {
      "Package": "fontawesome",
      "Version": "0.5.3",
      "Source": "Repository",
      "Repository": "CRAN",
      "Requirements": [
        "R",
        "htmltools",
        "rlang"
      ],
      "Hash": "bd1297f9b5b1fc1372d19e2c4cd82215"
    },
    "fs": {
      "Package": "fs",
      "Version": "2.1.0",
      "Source": "Repository",
      "Repository": "CRAN",
      "Requirements": [
        "R",
        "methods"
      ],
      "Hash": "09278623bca442bc53b0940ffa2f6d87"
    },
    "generics": {
      "Package": "generics",
      "Version": "0.1.4",
      "Source": "Repository",
      "Repository": "CRAN",
      "Requirements": [
        "R",
        "methods"
      ],
      "Hash": "4b29bf698d0c7bdb9f1e4976e7ade41d"
    },
    "getPass": {
      "Package": "getPass",
      "Version": "0.2-4",
      "Source": "Repository",
      "Repository": "CRAN",
      "Requirements": [
        "R",
        "rstudioapi",
        "utils"
      ],
      "Hash": "281e56bcab06202f51be7b50254f2fce"
    },
    "glue": {
      "Package": "glue",
      "Version": "1.8.1",
      "Source": "Repository",
      "Repository": "CRAN",
      "Requirements": [
        "R",
        "methods"
      ],
      "Hash": "f8122473e9a49e00d0642f78235ca5e3"
    },
    "highr": {
      "Package": "highr",
      "Version": "0.12",
      "Source": "Repository",
      "Repository": "CRAN",
      "Requirements": [
        "R",
        "xfun"
      ],
      "Hash": "2a2f862ade01a56dcbcd60944de11255"
    },
    "hms": {
      "Package": "hms",
      "Version": "1.1.4",
      "Source": "Repository",
      "Repository": "CRAN",
      "Requirements": [
        "cli",
        "lifecycle",
        "methods",
        "pkgconfig",
        "rlang",
        "vctrs"
      ],
      "Hash": "2799ac720626cec589478b191e48b88b"
    },
    "htmltools": {
      "Package": "htmltools",
      "Version": "0.5.9",
      "Source": "Repository",
      "Repository": "CRAN",
      "Requirements": [
        "R",
        "base64enc",
        "digest",
        "fastmap",
        "grDevices",
        "rlang",
        "utils"
      ],
      "Hash": "102298e238c14eb830cc4b5edd23c3e8"
    },
    "httr": {
      "Package": "httr",
      "Version": "1.4.8",
      "Source": "Repository",
      "Repository": "CRAN",
      "Requirements": [
        "R",
        "R6",
        "curl",
        "jsonlite",
        "mime",
        "openssl"
      ],
      "Hash": "10bcae7793493db63a6872096132e10c"
    },
    "httr2": {
      "Package": "httr2",
      "Version": "1.3.0",
      "Source": "Repository",
      "Repository": "CRAN",
      "Requirements": [
        "R",
        "R6",
        "cli",
        "curl",
        "glue",
        "lifecycle",
        "magrittr",
        "openssl",
        "rlang",
        "vctrs",
        "withr"
      ],
      "Hash": "f4d796ba71b073f7bc95da858caded00"
    },
    "jquerylib": {
      "Package": "jquerylib",
      "Version": "0.1.4",
      "Source": "Repository",
      "Repository": "CRAN",
      "Requirements": [
        "htmltools"
      ],
      "Hash": "5aab57a3bd297eee1c1d862735972182"
    },
    "jsonlite": {
      "Package": "jsonlite",
      "Version": "2.0.0",
      "Source": "Repository",
      "Repository": "CRAN",
      "Requirements": [
        "methods"
      ],
      "Hash": "b0776f526d36d8bd4a3344a88fe165c4"
    },
    "jsonvalidate": {
      "Package": "jsonvalidate",
      "Version": "1.5.0",
      "Source": "Repository",
      "Repository": "CRAN",
      "Requirements": [
        "R6",
        "V8"
      ],
      "Hash": "c77160564e51d0c82d5834f11fe6783e"
    },
    "keyring": {
      "Package": "keyring",
      "Version": "1.4.1",
      "Source": "Repository",
      "Repository": "CRAN",
      "Requirements": [
        "R",
        "R6",
        "askpass",
        "filelock",
        "tools",
        "utils",
        "yaml"
      ],
      "Hash": "4b3ee418d83cda39b5c50a0a1d7a4fea"
    },
    "knitr": {
      "Package": "knitr",
      "Version": "1.51",
      "Source": "Repository",
      "Repository": "CRAN",
      "Requirements": [
        "R",
        "evaluate",
        "highr",
        "methods",
        "tools",
        "xfun",
        "yaml"
      ],
      "Hash": "27682babb50f03b6eb7939ea69ec79ca"
    },
    "labeling": {
      "Package": "labeling",
      "Version": "0.4.3",
      "Source": "Repository",
      "Repository": "CRAN",
      "Requirements": [
        "graphics",
        "stats"
      ],
      "Hash": "b64ec208ac5bc1852b285f665d6368b3"
    },
    "later": {
      "Package": "later",
      "Version": "1.4.8",
      "Source": "Repository",
      "Repository": "CRAN",
      "Requirements": [
        "R",
        "Rcpp",
        "rlang"
      ],
      "Hash": "824c180e69b9be79ab96a985e233c470"
    },
    "lifecycle": {
      "Package": "lifecycle",
      "Version": "1.0.5",
      "Source": "Repository",
      "Repository": "CRAN",
      "Requirements": [
        "R",
        "cli",
        "rlang"
      ],
      "Hash": "36dbfe4fba6c064db50a671a90297c85"
    },
    "lubridate": {
      "Package": "lubridate",
      "Version": "1.9.5",
      "Source": "Repository",
      "Repository": "CRAN",
      "Requirements": [
        "R",
        "generics",
        "methods",
        "timechange"
      ],
      "Hash": "07061b348d057e8ac86771e0eff36b62"
    },
    "magrittr": {
      "Package": "magrittr",
      "Version": "2.0.5",
      "Source": "Repository",
      "Repository": "CRAN",
      "Requirements": [
        "R"
      ],
      "Hash": "665e77ab6e5f37a7913226d40b324e37"
    },
    "memoise": {
      "Package": "memoise",
      "Version": "2.0.1",
      "Source": "Repository",
      "Repository": "CRAN",
      "Requirements": [
        "cachem",
        "rlang"
      ],
      "Hash": "e2817ccf4a065c5d9d7f2cfbe7c1d78c"
    },
    "memuse": {
      "Package": "memuse",
      "Version": "4.2-3",
      "Source": "Repository",
      "Repository": "CRAN",
      "Requirements": [
        "R",
        "methods",
        "utils"
      ],
      "Hash": "5cfd074e79d5443c523360bbe203d904"
    },
    "mime": {
      "Package": "mime",
      "Version": "0.13",
      "Source": "Repository",
      "Repository": "CRAN",
      "Requirements": [
        "tools"
      ],
      "Hash": "0ec19f34c72fab674d8f2b4b1c6410e1"
    },
    "openssl": {
      "Package": "openssl",
      "Version": "2.4.2",
      "Source": "Repository",
      "Repository": "CRAN",
      "Requirements": [
        "askpass"
      ],
      "Hash": "6994d1c3ea954f29de6aeca5da95c99d"
    },
    "openxlsx": {
      "Package": "openxlsx",
      "Version": "4.2.8.1",
      "Source": "Repository",
      "Repository": "CRAN",
      "Requirements": [
        "R",
        "Rcpp",
        "grDevices",
        "methods",
        "stats",
        "stringi",
        "utils",
        "zip"
      ],
      "Hash": "a1565bd9ee11620aeea591cc037b3aa1"
    },
    "otel": {
      "Package": "otel",
      "Version": "0.2.0",
      "Source": "Repository",
      "Repository": "CRAN",
      "Requirements": [
        "R"
      ],
      "Hash": "627d6993db1043703c0b084fa432f21f"
    },
    "pillar": {
      "Package": "pillar",
      "Version": "1.11.1",
      "Source": "Repository",
      "Repository": "CRAN",
      "Requirements": [
        "cli",
        "glue",
        "lifecycle",
        "rlang",
        "utf8",
        "utils",
        "vctrs"
      ],
      "Hash": "1395e64f2689ffd503657778e810cee2"
    },
    "pkgbuild": {
      "Package": "pkgbuild",
      "Version": "1.4.8",
      "Source": "Repository",
      "Repository": "CRAN",
      "Requirements": [
        "R",
        "R6",
        "callr",
        "cli",
        "desc",
        "processx"
      ],
      "Hash": "fc9fc4162e79a94f760aac8d328ee6c9"
    },
    "pkgconfig": {
      "Package": "pkgconfig",
      "Version": "2.0.3",
      "Source": "Repository",
      "Repository": "CRAN",
      "Requirements": [
        "utils"
      ],
      "Hash": "01f28d4278f15c76cddbea05899c5d6f"
    },
    "pkgdown": {
      "Package": "pkgdown",
      "Version": "2.2.0",
      "Source": "Repository",
      "Repository": "CRAN",
      "Requirements": [
        "R",
        "bslib",
        "callr",
        "cli",
        "desc",
        "downlit",
        "fontawesome",
        "fs",
        "httr2",
        "jsonlite",
        "lifecycle",
        "openssl",
        "purrr",
        "ragg",
        "rlang",
        "rmarkdown",
        "tibble",
        "whisker",
        "withr",
        "xml2",
        "yaml"
      ],
      "Hash": "46bf69a508df4a09e5ac1db2ce24fc3a"
    },
    "pkgload": {
      "Package": "pkgload",
      "Version": "1.5.2",
      "Source": "Repository",
      "Repository": "CRAN",
      "Requirements": [
        "R",
        "cli",
        "desc",
        "fs",
        "glue",
        "lifecycle",
        "methods",
        "pkgbuild",
        "processx",
        "rlang",
        "rprojroot",
        "utils"
      ],
      "Hash": "698d3d2c5a2ce90466bc482b6c04ff89"
    },
    "pool": {
      "Package": "pool",
      "Version": "1.0.5",
      "Source": "Repository",
      "Repository": "CRAN",
      "Requirements": [
        "DBI",
        "R",
        "R6",
        "later",
        "methods",
        "rlang"
      ],
      "Hash": "cf51ea1093225e624fee0cebe126eb58"
    },
    "praise": {
      "Package": "praise",
      "Version": "1.0.0",
      "Source": "Repository",
      "Repository": "CRAN",
      "Hash": "a555924add98c99d2f411e37e7d25e9f"
    },
    "prettyunits": {
      "Package": "prettyunits",
      "Version": "1.2.0",
      "Source": "Repository",
      "Repository": "CRAN",
      "Requirements": [
        "R"
      ],
      "Hash": "6b01fc98b1e86c4f705ce9dcfd2f57c7"
    },
    "processx": {
      "Package": "processx",
      "Version": "3.9.0",
      "Source": "Repository",
      "Repository": "CRAN",
      "Requirements": [
        "R",
        "R6",
        "ps",
        "utils"
      ],
      "Hash": "188d6caf38e81bf15b5e918726a6fd3d"
    },
    "progress": {
      "Package": "progress",
      "Version": "1.2.3",
      "Source": "Repository",
      "Repository": "CRAN",
      "Requirements": [
        "R",
        "R6",
        "crayon",
        "hms",
        "prettyunits"
      ],
      "Hash": "f4625e061cb2865f111b47ff163a5ca6"
    },
    "promises": {
      "Package": "promises",
      "Version": "1.5.0",
      "Source": "Repository",
      "Repository": "CRAN",
      "Requirements": [
        "R",
        "R6",
        "fastmap",
        "later",
        "lifecycle",
        "magrittr",
        "otel",
        "rlang"
      ],
      "Hash": "62cb899ed5fff70d4e918ec1b762bf7c"
    },
    "ps": {
      "Package": "ps",
      "Version": "1.9.3",
      "Source": "Repository",
      "Repository": "CRAN",
      "Requirements": [
        "R",
        "utils"
      ],
      "Hash": "83e7e486c434e7acc71766dfc20adf2b"
    },
    "purrr": {
      "Package": "purrr",
      "Version": "1.2.2",
      "Source": "Repository",
      "Repository": "CRAN",
      "Requirements": [
        "R",
        "cli",
        "lifecycle",
        "magrittr",
        "rlang",
        "vctrs"
      ],
      "Hash": "0a35605539b085a4828ec55ad973fe60"
    },
    "rJava": {
      "Package": "rJava",
      "Version": "1.0-18",
      "Source": "Repository",
      "Repository": "CRAN",
      "Requirements": [
        "R",
        "methods"
      ],
      "Hash": "52f11089f7313ba949173cd2fc60cd4f"
    },
    "ragg": {
      "Package": "ragg",
      "Version": "1.5.2",
      "Source": "Repository",
      "Repository": "CRAN",
      "Requirements": [
        "systemfonts",
        "textshaping"
      ],
      "Hash": "c06b460d55dd27458977e417e8ff02c7"
    },
    "rappdirs": {
      "Package": "rappdirs",
      "Version": "0.3.4",
      "Source": "Repository",
      "Repository": "CRAN",
      "Requirements": [
        "R"
      ],
      "Hash": "f146a5bfc94db048309712535d4d0aee"
    },
    "readr": {
      "Package": "readr",
      "Version": "2.2.0",
      "Source": "Repository",
      "Repository": "CRAN",
      "Requirements": [
        "R",
        "R6",
        "cli",
        "clipr",
        "cpp11",
        "crayon",
        "glue",
        "hms",
        "lifecycle",
        "methods",
        "rlang",
        "tibble",
        "tzdb",
        "utils",
        "vroom",
        "withr"
      ],
      "Hash": "4425ad9e28b8e3351184ca2739995b87"
    },
    "renv": {
      "Package": "renv",
      "Version": "1.0.11",
      "Source": "Repository",
      "Repository": "CRAN",
      "Requirements": [
        "utils"
      ],
      "Hash": "47623f66b4e80b3b0587bc5d7b309888"
    },
    "rlang": {
      "Package": "rlang",
      "Version": "1.3.0",
      "Source": "Repository",
      "Repository": "https://cran.r-project.org/",
      "Requirements": [
        "R",
        "utils"
      ],
      "Hash": "8d05afdb0b0dd5ef01b306db289fe21f"
    },
    "rmarkdown": {
      "Package": "rmarkdown",
      "Version": "2.31",
      "Source": "Repository",
      "Repository": "CRAN",
      "Requirements": [
        "R",
        "bslib",
        "evaluate",
        "fontawesome",
        "htmltools",
        "jquerylib",
        "jsonlite",
        "knitr",
        "methods",
        "tinytex",
        "tools",
        "utils",
        "xfun",
        "yaml"
      ],
      "Hash": "f34039d57d861d2869cbf9be813ed08e"
    },
    "rprojroot": {
      "Package": "rprojroot",
      "Version": "2.1.1",
      "Source": "Repository",
      "Repository": "CRAN",
      "Requirements": [
        "R"
      ],
      "Hash": "b2453de2d29aa646afe4781defdc7903"
    },
    "rstudioapi": {
      "Package": "rstudioapi",
      "Version": "0.19.0",
      "Source": "Repository",
      "Repository": "CRAN",
      "Hash": "db86914207e4e0f112b60ebbc3e1793c"
    },
    "sass": {
      "Package": "sass",
      "Version": "0.4.10",
      "Source": "Repository",
      "Repository": "CRAN",
      "Requirements": [
        "R6",
        "fs",
        "htmltools",
        "rappdirs",
        "rlang"
      ],
      "Hash": "3fb78d066fb92299b1d13f6a7c9a90a8"
    },
    "scales": {
      "Package": "scales",
      "Version": "1.4.0",
      "Source": "Repository",
      "Repository": "CRAN",
      "Requirements": [
        "R",
        "R6",
        "RColorBrewer",
        "cli",
        "farver",
        "glue",
        "labeling",
        "lifecycle",
        "rlang",
        "viridisLite"
      ],
      "Hash": "c5bba8f0d1df8c4b9538a40570798d9b"
    },
    "snow": {
      "Package": "snow",
      "Version": "0.4-4",
      "Source": "Repository",
      "Repository": "CRAN",
      "Requirements": [
        "R",
        "utils"
      ],
      "Hash": "40b74690debd20c57d93d8c246b305d4"
    },
    "stringi": {
      "Package": "stringi",
      "Version": "1.8.9",
      "Source": "Repository",
      "Repository": "https://cran.r-project.org/",
      "Requirements": [
        "R",
        "stats",
        "tools",
        "utils"
      ],
      "Hash": "67f6c2a9e67d08e1e419ff89ad135444"
    },
    "stringr": {
      "Package": "stringr",
      "Version": "1.6.0",
      "Source": "Repository",
      "Repository": "CRAN",
      "Requirements": [
        "R",
        "cli",
        "glue",
        "lifecycle",
        "magrittr",
        "rlang",
        "stringi",
        "vctrs"
      ],
      "Hash": "d47392652eedc68bf916657347ff2526"
    },
    "sys": {
      "Package": "sys",
      "Version": "3.4.3",
      "Source": "Repository",
      "Repository": "CRAN",
      "Hash": "de342ebfebdbf40477d0758d05426646"
    },
    "systemfonts": {
      "Package": "systemfonts",
      "Version": "1.3.2",
      "Source": "Repository",
      "Repository": "CRAN",
      "Requirements": [
        "R",
        "base64enc",
        "cpp11",
        "grid",
        "jsonlite",
        "lifecycle",
        "tools",
        "utils"
      ],
      "Hash": "1f930828d6590af5da47b3ab4fe161e6"
    },
    "testthat": {
      "Package": "testthat",
      "Version": "3.3.2",
      "Source": "Repository",
      "Repository": "CRAN",
      "Requirements": [
        "R",
        "R6",
        "brio",
        "callr",
        "cli",
        "desc",
        "evaluate",
        "jsonlite",
        "lifecycle",
        "magrittr",
        "methods",
        "pkgload",
        "praise",
        "processx",
        "ps",
        "rlang",
        "utils",
        "waldo",
        "withr"
      ],
      "Hash": "0ff174f3cfef696f36a70dc84a0fd839"
    },
    "textshaping": {
      "Package": "textshaping",
      "Version": "1.0.5",
      "Source": "Repository",
      "Repository": "CRAN",
      "Requirements": [
        "R",
        "cpp11",
        "lifecycle",
        "stats",
        "stringi",
        "systemfonts",
        "utils"
      ],
      "Hash": "addb750a886a2ac415dea6f8068867de"
    },
    "tibble": {
      "Package": "tibble",
      "Version": "3.3.1",
      "Source": "Repository",
      "Repository": "CRAN",
      "Requirements": [
        "R",
        "cli",
        "lifecycle",
        "magrittr",
        "methods",
        "pillar",
        "pkgconfig",
        "rlang",
        "utils",
        "vctrs"
      ],
      "Hash": "c55df870972551cac674b50cadb2d51f"
    },
    "tidyr": {
      "Package": "tidyr",
      "Version": "1.3.2",
      "Source": "Repository",
      "Repository": "CRAN",
      "Requirements": [
        "R",
        "cli",
        "cpp11",
        "dplyr",
        "glue",
        "lifecycle",
        "magrittr",
        "purrr",
        "rlang",
        "stringr",
        "tibble",
        "tidyselect",
        "utils",
        "vctrs"
      ],
      "Hash": "a4fa2f5876396f04814cb9d8d9ab89e9"
    },
    "tidyselect": {
      "Package": "tidyselect",
      "Version": "1.2.1",
      "Source": "Repository",
      "Repository": "CRAN",
      "Requirements": [
        "R",
        "cli",
        "glue",
        "lifecycle",
        "rlang",
        "vctrs",
        "withr"
      ],
      "Hash": "829f27b9c4919c16b593794a6344d6c0"
    },
    "timechange": {
      "Package": "timechange",
      "Version": "0.4.0",
      "Source": "Repository",
      "Repository": "CRAN",
      "Requirements": [
        "R",
        "cpp11"
      ],
      "Hash": "39c40cb1ad47a4cc384a34a22a29463f"
    },
    "tinytex": {
      "Package": "tinytex",
      "Version": "0.59",
      "Source": "Repository",
      "Repository": "CRAN",
      "Requirements": [
        "xfun"
      ],
      "Hash": "2688c3e240d4ccc7d6aae804f7fdf322"
    },
    "triebeard": {
      "Package": "triebeard",
      "Version": "0.4.1",
      "Source": "Repository",
      "Repository": "CRAN",
      "Requirements": [
        "Rcpp"
      ],
      "Hash": "642507a148b0dd9b5620177e0a044413"
    },
    "tzdb": {
      "Package": "tzdb",
      "Version": "0.5.0",
      "Source": "Repository",
      "Repository": "CRAN",
      "Requirements": [
        "R",
        "cpp11"
      ],
      "Hash": "09e3961e87b7bafa4a9340bbb34aeda8"
    },
    "urltools": {
      "Package": "urltools",
      "Version": "1.7.3.1",
      "Source": "Repository",
      "Repository": "CRAN",
      "Requirements": [
        "R",
        "Rcpp",
        "methods",
        "triebeard"
      ],
      "Hash": "0951eeef49e3df040dfc67ce75a052ac"
    },
    "utf8": {
      "Package": "utf8",
      "Version": "1.2.6",
      "Source": "Repository",
      "Repository": "CRAN",
      "Requirements": [
        "R"
      ],
      "Hash": "d526d558be176e9ceb68c3d1e83479b7"
    },
    "vctrs": {
      "Package": "vctrs",
      "Version": "0.7.3",
      "Source": "Repository",
      "Repository": "CRAN",
      "Requirements": [
        "R",
        "cli",
        "glue",
        "lifecycle",
        "rlang"
      ],
      "Hash": "2dcde2d30d3ad67bf1d3a37177457b87"
    },
    "viridisLite": {
      "Package": "viridisLite",
      "Version": "0.4.3",
      "Source": "Repository",
      "Repository": "CRAN",
      "Requirements": [
        "R"
      ],
      "Hash": "9380d36888b72faf5ae6c22b44703867"
    },
    "vroom": {
      "Package": "vroom",
      "Version": "1.7.1",
      "Source": "Repository",
      "Repository": "CRAN",
      "Requirements": [
        "R",
        "bit64",
        "cli",
        "cpp11",
        "crayon",
        "glue",
        "hms",
        "lifecycle",
        "methods",
        "progress",
        "rlang",
        "stats",
        "tibble",
        "tidyselect",
        "tzdb",
        "vctrs",
        "withr"
      ],
      "Hash": "1e9494eda38f3418f71474363293da2a"
    },
    "waldo": {
      "Package": "waldo",
      "Version": "0.6.2",
      "Source": "Repository",
      "Repository": "CRAN",
      "Requirements": [
        "R",
        "cli",
        "diffobj",
        "glue",
        "methods",
        "rlang"
      ],
      "Hash": "b7b91294ee9418a54527a9a9d8677597"
    },
    "whisker": {
      "Package": "whisker",
      "Version": "0.4.1",
      "Source": "Repository",
      "Repository": "CRAN",
      "Hash": "c6abfa47a46d281a7d5159d0a8891e88"
    },
    "withr": {
      "Package": "withr",
      "Version": "3.0.3",
      "Source": "Repository",
      "Repository": "https://cran.r-project.org/",
      "Requirements": [
        "R",
        "grDevices",
        "graphics"
      ],
      "Hash": "d979712ec72df779bc2d30bcc5d0d541"
    },
    "xfun": {
      "Package": "xfun",
      "Version": "0.58",
      "Source": "Repository",
      "Repository": "CRAN",
      "Requirements": [
        "R",
        "grDevices",
        "stats",
        "tools"
      ],
      "Hash": "938f155aa89afd3895001d3e8c15d1d7"
    },
    "xml2": {
      "Package": "xml2",
      "Version": "1.6.0",
      "Source": "Repository",
      "Repository": "https://cran.r-project.org/",
      "Requirements": [
        "R",
        "cli",
        "methods",
        "rlang"
      ],
      "Hash": "568fe669c645b2007e4e8fcf5cde40e7"
    },
    "yaml": {
      "Package": "yaml",
      "Version": "2.3.12",
      "Source": "Repository",
      "Repository": "CRAN",
      "Hash": "7cd77cb32abd9220d744307e9fc94ffb"
    },
    "zip": {
      "Package": "zip",
      "Version": "3.0.2",
      "Source": "Repository",
      "Repository": "CRAN",
      "Requirements": [
        "cli"
      ],
      "Hash": "5807bea03035bfdd7535c1d3eb258cb0"
    }
  }
}
